
Microsoft Visual Studio Solution File, Format Version 12.00
# Visual Studio Version 17
VisualStudioVersion = 17.10.35013.160
MinimumVisualStudioVersion = 10.0.40219.1
Project("{FAE04EC0-301F-11D3-BF4B-00C04F79EFBC}") = "To-do List", "To-do List\To-do List.csproj", "{BB8019BD-2BEA-4E4E-A3D5-1C42BD8064E3}"
EndProject
Global
	GlobalSection(SolutionConfigurationPlatforms) = preSolution
		Debug|Any CPU = Debug|Any CPU
		Release|Any CPU = Release|Any CPU
	EndGlobalSection
	GlobalSection(ProjectConfigurationPlatforms) = postSolution
		{BB8019BD-2BEA-4E4E-A3D5-1C42BD8064E3}.Debug|Any CPU.ActiveCfg = Debug|Any CPU
		{BB8019BD-2BEA-4E4E-A3D5-1C42BD8064E3}.Debug|Any CPU.Build.0 = Debug|Any CPU
		{BB8019BD-2BEA-4E4E-A3D5-1C42BD8064E3}.Release|Any CPU.ActiveCfg = Release|Any CPU
		{BB8019BD-2BEA-4E4E-A3D5-1C42BD8064E3}.Release|Any CPU.Build.0 = Release|Any CPU
	EndGlobalSection
	GlobalSection(SolutionProperties) = preSolution
		HideSolutionNode = FALSE
	EndGlobalSection
	GlobalSection(ExtensibilityGlobals) = postSolution
		SolutionGuid = {2B21D7B2-1835-4A58-8E3E-CA15E9E4A266}
	EndGlobalSection
EndGlobal
